
Microsoft Visual Studio Solution File, Format Version 12.00
# Visual Studio 15
VisualStudioVersion = 15.0.28307.136
MinimumVisualStudioVersion = 10.0.40219.1
Project("{FAE04EC0-301F-11D3-BF4B-00C04F79EFBC}") = "01. Inverse Captcha", "01. Inverse Captcha\01. Inverse Captcha.csproj", "{24BDCC34-320B-4200-BED0-73DF0E0D0BEF}"
EndProject
Global
	GlobalSection(SolutionConfigurationPlatforms) = preSolution
		Debug|Any CPU = Debug|Any CPU
		Release|Any CPU = Release|Any CPU
	EndGlobalSection
	GlobalSection(ProjectConfigurationPlatforms) = postSolution
		{24BDCC34-320B-4200-BED0-73DF0E0D0BEF}.Debug|Any CPU.ActiveCfg = Debug|Any CPU
		{24BDCC34-320B-4200-BED0-73DF0E0D0BEF}.Debug|Any CPU.Build.0 = Debug|Any CPU
		{24BDCC34-320B-4200-BED0-73DF0E0D0BEF}.Release|Any CPU.ActiveCfg = Release|Any CPU
		{24BDCC34-320B-4200-BED0-73DF0E0D0BEF}.Release|Any CPU.Build.0 = Release|Any CPU
	EndGlobalSection
	GlobalSection(SolutionProperties) = preSolution
		HideSolutionNode = FALSE
	EndGlobalSection
	GlobalSection(ExtensibilityGlobals) = postSolution
		SolutionGuid = {2391513C-471C-43FC-82E0-959A1D01AA79}
	EndGlobalSection
EndGlobal
